
Microsoft Visual Studio Solution File, Format Version 12.00
# Visual Studio Version 17
VisualStudioVersion = 17.13.35825.156 d17.13
MinimumVisualStudioVersion = 10.0.40219.1
Project("{8BC9CEB8-8B4A-11D0-8D11-00A0C91BC942}") = "SampleOrderSystem", "SampleOrderSystem\SampleOrderSystem.vcxproj", "{45B4E01B-4F1A-4CC6-9760-080F7F173842}"
EndProject
Global
	GlobalSection(SolutionConfigurationPlatforms) = preSolution
		Debug|x64 = Debug|x64
		Debug|x86 = Debug|x86
		Release|x64 = Release|x64
		Release|x86 = Release|x86
	EndGlobalSection
	GlobalSection(ProjectConfigurationPlatforms) = postSolution
		{45B4E01B-4F1A-4CC6-9760-080F7F173842}.Debug|x64.ActiveCfg = Debug|x64
		{45B4E01B-4F1A-4CC6-9760-080F7F173842}.Debug|x64.Build.0 = Debug|x64
		{45B4E01B-4F1A-4CC6-9760-080F7F173842}.Debug|x86.ActiveCfg = Debug|Win32
		{45B4E01B-4F1A-4CC6-9760-080F7F173842}.Debug|x86.Build.0 = Debug|Win32
		{45B4E01B-4F1A-4CC6-9760-080F7F173842}.Release|x64.ActiveCfg = Release|x64
		{45B4E01B-4F1A-4CC6-9760-080F7F173842}.Release|x64.Build.0 = Release|x64
		{45B4E01B-4F1A-4CC6-9760-080F7F173842}.Release|x86.ActiveCfg = Release|Win32
		{45B4E01B-4F1A-4CC6-9760-080F7F173842}.Release|x86.Build.0 = Release|Win32
	EndGlobalSection
	GlobalSection(SolutionProperties) = preSolution
		HideSolutionNode = FALSE
	EndGlobalSection
	GlobalSection(ExtensibilityGlobals) = postSolution
		SolutionGuid = {3569F9D2-6429-4D89-95A2-ADA8B6C2C7F2}
	EndGlobalSection
EndGlobal
